
Microsoft Visual Studio Solution File, Format Version 12.00
# Visual Studio 15
VisualStudioVersion = 15.0.26730.16
MinimumVisualStudioVersion = 10.0.40219.1
Project("{54435603-DBB4-11D2-8724-00A0C9A8B90C}") = "FC.Setup", "FC.Setup\FC.Setup.vdproj", "{59610BC7-58A2-4FFB-AC37-66EC65BF4FA4}"
EndProject
Project("{FAE04EC0-301F-11D3-BF4B-00C04F79EFBC}") = "FilmCollection", "FC\FilmCollection.csproj", "{71390507-A2FE-4174-8D01-C37CC565B48F}"
EndProject
Global
	GlobalSection(SolutionConfigurationPlatforms) = preSolution
		Debug|x86 = Debug|x86
		Release|x86 = Release|x86
	EndGlobalSection
	GlobalSection(ProjectConfigurationPlatforms) = postSolution
		{59610BC7-58A2-4FFB-AC37-66EC65BF4FA4}.Debug|x86.ActiveCfg = Debug
		{59610BC7-58A2-4FFB-AC37-66EC65BF4FA4}.Debug|x86.Build.0 = Debug
		{59610BC7-58A2-4FFB-AC37-66EC65BF4FA4}.Release|x86.ActiveCfg = Release
		{59610BC7-58A2-4FFB-AC37-66EC65BF4FA4}.Release|x86.Build.0 = Release
		{71390507-A2FE-4174-8D01-C37CC565B48F}.Debug|x86.ActiveCfg = Debug|x86
		{71390507-A2FE-4174-8D01-C37CC565B48F}.Debug|x86.Build.0 = Debug|x86
		{71390507-A2FE-4174-8D01-C37CC565B48F}.Release|x86.ActiveCfg = Release|x86
		{71390507-A2FE-4174-8D01-C37CC565B48F}.Release|x86.Build.0 = Release|x86
	EndGlobalSection
	GlobalSection(SolutionProperties) = preSolution
		HideSolutionNode = FALSE
	EndGlobalSection
	GlobalSection(ExtensibilityGlobals) = postSolution
		SolutionGuid = {20227563-2360-4A2F-AFA7-825C1E86FE71}
	EndGlobalSection
EndGlobal
